
Microsoft Visual Studio Solution File, Format Version 12.00
# Visual Studio Version 17
VisualStudioVersion = 17.6.33815.320
MinimumVisualStudioVersion = 10.0.40219.1
Project("{FAE04EC0-301F-11D3-BF4B-00C04F79EFBC}") = "Api", "Api\Api.csproj", "{47565330-16F0-4756-8AB7-6A486B2F47A3}"
EndProject
Global
	GlobalSection(SolutionConfigurationPlatforms) = preSolution
		Debug|Any CPU = Debug|Any CPU
		Release|Any CPU = Release|Any CPU
	EndGlobalSection
	GlobalSection(ProjectConfigurationPlatforms) = postSolution
		{47565330-16F0-4756-8AB7-6A486B2F47A3}.Debug|Any CPU.ActiveCfg = Debug|Any CPU
		{47565330-16F0-4756-8AB7-6A486B2F47A3}.Debug|Any CPU.Build.0 = Debug|Any CPU
		{47565330-16F0-4756-8AB7-6A486B2F47A3}.Release|Any CPU.ActiveCfg = Release|Any CPU
		{47565330-16F0-4756-8AB7-6A486B2F47A3}.Release|Any CPU.Build.0 = Release|Any CPU
	EndGlobalSection
	GlobalSection(SolutionProperties) = preSolution
		HideSolutionNode = FALSE
	EndGlobalSection
	GlobalSection(ExtensibilityGlobals) = postSolution
		SolutionGuid = {AB9937A3-CB61-4D70-B310-5DAC40A599EB}
	EndGlobalSection
EndGlobal
